github.com/go-kramdown/kramdown v0.1.0 h1:59AY0Bul7dq+KwvN0pMR2hvqWsmxvaNlhUjfYAMqTnw=
github.com/go-kramdown/kramdown v0.1.0/go.mod h1:WHuSDeYlouAhRcB4Evq0TxNFIeGrbgK4fB8egpekvU8=
github.com/go-liquid/liquid v0.1.0 h1:wbuKHqjF1QQjR8Xge2HTCT+59VGIfza9jkrg7lAbwrY=
github.com/go-liquid/liquid v0.1.0/go.mod h1:iFhRQrmLiwv4R9E29+Vdiz63wGcPGjrSq6n9ouSSMo0=
github.com/go-liquid/liquid v0.2.0 h1:Q4DLdWAbtsk54iSCfoSaZF3nu8uDXQbvYlnkgQ/IVRg=
github.com/go-liquid/liquid v0.2.0/go.mod h1:gTNHJ7FcJHe9vV9ofGCv7dtiQ+ZIs7jPLZ/jvzUzv+g=
github.com/go-rouge/rouge v0.2.0 h1:1oF+L8ROB7Ru9W23jr3trBPgcug0Y9FIFayH6T8vS14=
github.com/go-rouge/rouge v0.2.0/go.mod h1:0AXSe8OuYrzYSEMdoXX0jDazGDc/jC2eS9I4y0Q0w9I=
github.com/go-ruby-regexp/regexp v0.0.0-20260701043846-fa3d6604e1ee h1:ctauEAdAq129WCrU+dndYcOjNlo1Y94vWNBtgXp1heE=
github.com/go-ruby-regexp/regexp v0.0.0-20260701043846-fa3d6604e1ee/go.mod h1:+0nK2X+aCPMO91bPMM/DT1OFUIzFQeoTPGkkOR3kd84=
github.com/go-ruby-sass/sass v0.0.0-20260906100410-777830f19847 h1:ELua5/LWhKtr4sCKpwpE9b+M5etlkgBnEPgHyvsJsrg=
github.com/go-ruby-sass/sass v0.0.0-20260906100410-777830f19847/go.mod h1:x1nYqayL1xpriwIyqXnvfJ5ptOVePxanJXjXFI6Zn/E=
github.com/go-scss/scss v0.0.0-20260905061546-39932e01faa4 h1:PpCxQnwQfCJXYKj1HdDjECB3u/c/c4wOawMPT5LCFVs=
github.com/go-scss/scss v0.0.0-20260905061546-39932e01faa4/go.mod h1:TcSRuwTSVas0+vXMRFdq4RiAmlaK+z5FQh1/6+4fWTo=
gopkg.in/check.v1 v0.0.0-20161208181325-20d25e280405 h1:yhCVgyC4o1eVCa2tZl7eS0r+SDo693bJlVdllGtEeKM=
gopkg.in/check.v1 v0.0.0-20161208181325-20d25e280405/go.mod h1:Co6ibVJAznAaIkqp8huTwlJQCZ016jof/cbN4VW5Yz0=
gopkg.in/yaml.v3 v3.0.1 h1:fxVm/GzAzEWqLHuvctI91KS9hhNmmWOoWu0XTYJS7CA=
gopkg.in/yaml.v3 v3.0.1/go.mod h1:K4uyk7z7BCEPqu6E+C64Yfv1cQ7kz7rIZviUmN+EgEM=
