github.com/go-ruby-kramdown/kramdown v0.0.0-20260717070109-6152f7f5a931 h1:QFVj15fRXEUPN9MnV585J/uwlgPkDPemR83zM3QRq3M=
github.com/go-ruby-kramdown/kramdown v0.0.0-20260717070109-6152f7f5a931/go.mod h1:lpczu9a88TnJ1mD0vLvXcL9MJL+2y8ZI5QeP2HmEqjA=
github.com/go-ruby-liquid/liquid v0.0.0-20260804201521-ef124255c935 h1:iW0l9m7v3b0kHDqhT5xAotJmGgDZX2Mmy8a4cMAArOM=
github.com/go-ruby-liquid/liquid v0.0.0-20260804201521-ef124255c935/go.mod h1:VY1lx+1SYMHiGhxr0R5RIxRXwpq0vkIpQiHLrKYiX8U=
github.com/go-ruby-regexp/regexp v0.0.0-20260701043846-fa3d6604e1ee h1:ctauEAdAq129WCrU+dndYcOjNlo1Y94vWNBtgXp1heE=
github.com/go-ruby-regexp/regexp v0.0.0-20260701043846-fa3d6604e1ee/go.mod h1:+0nK2X+aCPMO91bPMM/DT1OFUIzFQeoTPGkkOR3kd84=
github.com/go-ruby-rouge/rouge v0.0.0-20260717073527-64efd2552805 h1:zg+tAmMUFbiS6owzVGV6AYpKGSyabNCKmfvUq4UIkK4=
github.com/go-ruby-rouge/rouge v0.0.0-20260717073527-64efd2552805/go.mod h1:PJHlTuP01g0s+3cVfuQgCztiLcUD2intYD2bZTEMOZM=
github.com/go-ruby-sass/sass v0.0.0-20260803122427-20e227828c1d h1:PPBKp9+YtzCYYsQ5p/Vh+ij0nfCqp4negRWoqAVlBv4=
github.com/go-ruby-sass/sass v0.0.0-20260803122427-20e227828c1d/go.mod h1:toPAnl7fFauebzUQTm3kOZuhvqkT3koFLn8IZ4emUxA=
github.com/go-scss/scss v0.0.0-20260803114742-42d746e6ec68 h1:OmjOHHpNiHAu7EphJL3Xj7l61pvYVGAeNzlbpEl4ym8=
github.com/go-scss/scss v0.0.0-20260803114742-42d746e6ec68/go.mod h1:TcSRuwTSVas0+vXMRFdq4RiAmlaK+z5FQh1/6+4fWTo=
gopkg.in/check.v1 v0.0.0-20161208181325-20d25e280405 h1:yhCVgyC4o1eVCa2tZl7eS0r+SDo693bJlVdllGtEeKM=
gopkg.in/check.v1 v0.0.0-20161208181325-20d25e280405/go.mod h1:Co6ibVJAznAaIkqp8huTwlJQCZ016jof/cbN4VW5Yz0=
gopkg.in/yaml.v3 v3.0.1 h1:fxVm/GzAzEWqLHuvctI91KS9hhNmmWOoWu0XTYJS7CA=
gopkg.in/yaml.v3 v3.0.1/go.mod h1:K4uyk7z7BCEPqu6E+C64Yfv1cQ7kz7rIZviUmN+EgEM=
